
Microsoft Visual Studio Solution File, Format Version 11.00
# Visual Studio 2010
Project("{FAE04EC0-301F-11D3-BF4B-00C04F79EFBC}") = "Drydock", "Drydock\Drydock\Drydock.csproj", "{2C25EAC0-D9B5-4450-942D-26DAF63F5A15}"
EndProject
Project("{96E2B04D-8817-42C6-938A-82C39BA4D311}") = "DrydockContent", "Drydock\DrydockContent\DrydockContent.contentproj", "{AAFF45AB-B0D7-4EE5-8A94-923606A1D0AF}"
EndProject
Global
	GlobalSection(SolutionConfigurationPlatforms) = preSolution
		Debug|x86 = Debug|x86
		Release|x86 = Release|x86
	EndGlobalSection
	GlobalSection(ProjectConfigurationPlatforms) = postSolution
		{2C25EAC0-D9B5-4450-942D-26DAF63F5A15}.Debug|x86.ActiveCfg = Debug|x86
		{2C25EAC0-D9B5-4450-942D-26DAF63F5A15}.Debug|x86.Build.0 = Debug|x86
		{2C25EAC0-D9B5-4450-942D-26DAF63F5A15}.Release|x86.ActiveCfg = Release|x86
		{2C25EAC0-D9B5-4450-942D-26DAF63F5A15}.Release|x86.Build.0 = Release|x86
		{AAFF45AB-B0D7-4EE5-8A94-923606A1D0AF}.Debug|x86.ActiveCfg = Debug|x86
		{AAFF45AB-B0D7-4EE5-8A94-923606A1D0AF}.Release|x86.ActiveCfg = Release|x86
	EndGlobalSection
	GlobalSection(SolutionProperties) = preSolution
		HideSolutionNode = FALSE
	EndGlobalSection
EndGlobal
