
Microsoft Visual Studio Solution File, Format Version 11.00
# Visual Studio 2010
Project("{FAE04EC0-301F-11D3-BF4B-00C04F79EFBC}") = "Drydock", "Drydock\Drydock\Drydock.csproj", "{2C25EAC0-D9B5-4450-942D-26DAF63F5A15}"
EndProject
Project("{FAE04EC0-301F-11D3-BF4B-00C04F79EFBC}") = "DrydockContent", "Drydock\DrydockContent\DrydockContent.contentproj", "{AAFF45AB-B0D7-4EE5-8A94-923606A1D0AF}"
EndProject
Project("{2150E333-8FDC-42A3-9474-1A3956D46DE8}") = "Solution Items", "Solution Items", "{6D600C13-C377-4AC3-941D-3DD3CA3BF8A7}"
	ProjectSection(SolutionItems) = preProject
		Drydock.vsmdi = Drydock.vsmdi
		Local.testsettings = Local.testsettings
		TraceAndTestImpact.testsettings = TraceAndTestImpact.testsettings
	EndProjectSection
EndProject
Project("{FAE04EC0-301F-11D3-BF4B-00C04F79EFBC}") = "TestProject3", "TestProject3\TestProject3.csproj", "{67FCCCE0-10CE-4114-A93C-A64A67C8A6C9}"
EndProject
Project("{F088123C-0E9E-452A-89E6-6BA2F21D5CAC}") = "Drydock Schematics", "Drydock Schematics\Drydock Schematics.modelproj", "{F62872DF-3AA6-4366-818E-36F483A66B8B}"
EndProject
Global
	GlobalSection(TestCaseManagementSettings) = postSolution
		CategoryFile = Drydock.vsmdi
	EndGlobalSection
	GlobalSection(SolutionConfigurationPlatforms) = preSolution
		Debug|Any CPU = Debug|Any CPU
		Debug|Mixed Platforms = Debug|Mixed Platforms
		Debug|x64 = Debug|x64
		Debug|x86 = Debug|x86
		Drydock Debug|Any CPU = Drydock Debug|Any CPU
		Drydock Debug|Mixed Platforms = Drydock Debug|Mixed Platforms
		Drydock Debug|x64 = Drydock Debug|x64
		Drydock Debug|x86 = Drydock Debug|x86
		Release|Any CPU = Release|Any CPU
		Release|Mixed Platforms = Release|Mixed Platforms
		Release|x64 = Release|x64
		Release|x86 = Release|x86
		Unit Testing Debug|Any CPU = Unit Testing Debug|Any CPU
		Unit Testing Debug|Mixed Platforms = Unit Testing Debug|Mixed Platforms
		Unit Testing Debug|x64 = Unit Testing Debug|x64
		Unit Testing Debug|x86 = Unit Testing Debug|x86
	EndGlobalSection
	GlobalSection(ProjectConfigurationPlatforms) = postSolution
		{2C25EAC0-D9B5-4450-942D-26DAF63F5A15}.Debug|Any CPU.ActiveCfg = Debug|x86
		{2C25EAC0-D9B5-4450-942D-26DAF63F5A15}.Debug|Mixed Platforms.ActiveCfg = Debug|x86
		{2C25EAC0-D9B5-4450-942D-26DAF63F5A15}.Debug|Mixed Platforms.Build.0 = Debug|x86
		{2C25EAC0-D9B5-4450-942D-26DAF63F5A15}.Debug|x64.ActiveCfg = Debug|x86
		{2C25EAC0-D9B5-4450-942D-26DAF63F5A15}.Debug|x86.ActiveCfg = Debug|x86
		{2C25EAC0-D9B5-4450-942D-26DAF63F5A15}.Debug|x86.Build.0 = Debug|x86
		{2C25EAC0-D9B5-4450-942D-26DAF63F5A15}.Drydock Debug|Any CPU.ActiveCfg = Drydock Debug|x86
		{2C25EAC0-D9B5-4450-942D-26DAF63F5A15}.Drydock Debug|Mixed Platforms.ActiveCfg = Drydock Debug|x86
		{2C25EAC0-D9B5-4450-942D-26DAF63F5A15}.Drydock Debug|Mixed Platforms.Build.0 = Drydock Debug|x86
		{2C25EAC0-D9B5-4450-942D-26DAF63F5A15}.Drydock Debug|x64.ActiveCfg = Drydock Debug|x86
		{2C25EAC0-D9B5-4450-942D-26DAF63F5A15}.Drydock Debug|x64.Build.0 = Drydock Debug|x86
		{2C25EAC0-D9B5-4450-942D-26DAF63F5A15}.Drydock Debug|x86.ActiveCfg = Drydock Debug|x86
		{2C25EAC0-D9B5-4450-942D-26DAF63F5A15}.Release|Any CPU.ActiveCfg = Release|x86
		{2C25EAC0-D9B5-4450-942D-26DAF63F5A15}.Release|Mixed Platforms.ActiveCfg = Release|x86
		{2C25EAC0-D9B5-4450-942D-26DAF63F5A15}.Release|Mixed Platforms.Build.0 = Release|x86
		{2C25EAC0-D9B5-4450-942D-26DAF63F5A15}.Release|x64.ActiveCfg = Release|x86
		{2C25EAC0-D9B5-4450-942D-26DAF63F5A15}.Release|x64.Build.0 = Release|x86
		{2C25EAC0-D9B5-4450-942D-26DAF63F5A15}.Release|x86.ActiveCfg = Release|x86
		{2C25EAC0-D9B5-4450-942D-26DAF63F5A15}.Release|x86.Build.0 = Release|x86
		{2C25EAC0-D9B5-4450-942D-26DAF63F5A15}.Unit Testing Debug|Any CPU.ActiveCfg = Unit Testing Debug|x86
		{2C25EAC0-D9B5-4450-942D-26DAF63F5A15}.Unit Testing Debug|Mixed Platforms.ActiveCfg = Unit Testing Debug|x86
		{2C25EAC0-D9B5-4450-942D-26DAF63F5A15}.Unit Testing Debug|Mixed Platforms.Build.0 = Unit Testing Debug|x86
		{2C25EAC0-D9B5-4450-942D-26DAF63F5A15}.Unit Testing Debug|x64.ActiveCfg = Unit Testing Debug|x86
		{2C25EAC0-D9B5-4450-942D-26DAF63F5A15}.Unit Testing Debug|x86.ActiveCfg = Unit Testing Debug|x86
		{AAFF45AB-B0D7-4EE5-8A94-923606A1D0AF}.Debug|Any CPU.ActiveCfg = Debug|x86
		{AAFF45AB-B0D7-4EE5-8A94-923606A1D0AF}.Debug|Mixed Platforms.ActiveCfg = Debug|x86
		{AAFF45AB-B0D7-4EE5-8A94-923606A1D0AF}.Debug|x64.ActiveCfg = Debug|x86
		{AAFF45AB-B0D7-4EE5-8A94-923606A1D0AF}.Debug|x86.ActiveCfg = Debug|x86
		{AAFF45AB-B0D7-4EE5-8A94-923606A1D0AF}.Drydock Debug|Any CPU.ActiveCfg = Debug|x86
		{AAFF45AB-B0D7-4EE5-8A94-923606A1D0AF}.Drydock Debug|Mixed Platforms.ActiveCfg = Debug|x86
		{AAFF45AB-B0D7-4EE5-8A94-923606A1D0AF}.Drydock Debug|x64.ActiveCfg = Debug|x86
		{AAFF45AB-B0D7-4EE5-8A94-923606A1D0AF}.Drydock Debug|x86.ActiveCfg = Debug|x86
		{AAFF45AB-B0D7-4EE5-8A94-923606A1D0AF}.Release|Any CPU.ActiveCfg = Release|x86
		{AAFF45AB-B0D7-4EE5-8A94-923606A1D0AF}.Release|Mixed Platforms.ActiveCfg = Release|x86
		{AAFF45AB-B0D7-4EE5-8A94-923606A1D0AF}.Release|x64.ActiveCfg = Release|x86
		{AAFF45AB-B0D7-4EE5-8A94-923606A1D0AF}.Release|x86.ActiveCfg = Release|x86
		{AAFF45AB-B0D7-4EE5-8A94-923606A1D0AF}.Unit Testing Debug|Any CPU.ActiveCfg = Debug|x86
		{AAFF45AB-B0D7-4EE5-8A94-923606A1D0AF}.Unit Testing Debug|Mixed Platforms.ActiveCfg = Debug|x86
		{AAFF45AB-B0D7-4EE5-8A94-923606A1D0AF}.Unit Testing Debug|x64.ActiveCfg = Debug|x86
		{AAFF45AB-B0D7-4EE5-8A94-923606A1D0AF}.Unit Testing Debug|x86.ActiveCfg = Debug|x86
		{67FCCCE0-10CE-4114-A93C-A64A67C8A6C9}.Debug|Any CPU.ActiveCfg = Debug|Any CPU
		{67FCCCE0-10CE-4114-A93C-A64A67C8A6C9}.Debug|Any CPU.Build.0 = Debug|Any CPU
		{67FCCCE0-10CE-4114-A93C-A64A67C8A6C9}.Debug|Mixed Platforms.ActiveCfg = Debug|Any CPU
		{67FCCCE0-10CE-4114-A93C-A64A67C8A6C9}.Debug|Mixed Platforms.Build.0 = Debug|Any CPU
		{67FCCCE0-10CE-4114-A93C-A64A67C8A6C9}.Debug|x64.ActiveCfg = Debug|x86
		{67FCCCE0-10CE-4114-A93C-A64A67C8A6C9}.Debug|x64.Build.0 = Debug|x86
		{67FCCCE0-10CE-4114-A93C-A64A67C8A6C9}.Debug|x86.ActiveCfg = Debug|Any CPU
		{67FCCCE0-10CE-4114-A93C-A64A67C8A6C9}.Drydock Debug|Any CPU.ActiveCfg = Drydock Debug|Any CPU
		{67FCCCE0-10CE-4114-A93C-A64A67C8A6C9}.Drydock Debug|Any CPU.Build.0 = Drydock Debug|Any CPU
		{67FCCCE0-10CE-4114-A93C-A64A67C8A6C9}.Drydock Debug|Mixed Platforms.ActiveCfg = Drydock Debug|x86
		{67FCCCE0-10CE-4114-A93C-A64A67C8A6C9}.Drydock Debug|Mixed Platforms.Build.0 = Drydock Debug|x86
		{67FCCCE0-10CE-4114-A93C-A64A67C8A6C9}.Drydock Debug|x64.ActiveCfg = Drydock Debug|x86
		{67FCCCE0-10CE-4114-A93C-A64A67C8A6C9}.Drydock Debug|x86.ActiveCfg = Drydock Debug|x86
		{67FCCCE0-10CE-4114-A93C-A64A67C8A6C9}.Drydock Debug|x86.Build.0 = Drydock Debug|x86
		{67FCCCE0-10CE-4114-A93C-A64A67C8A6C9}.Release|Any CPU.ActiveCfg = Release|Any CPU
		{67FCCCE0-10CE-4114-A93C-A64A67C8A6C9}.Release|Any CPU.Build.0 = Release|Any CPU
		{67FCCCE0-10CE-4114-A93C-A64A67C8A6C9}.Release|Mixed Platforms.ActiveCfg = Release|Any CPU
		{67FCCCE0-10CE-4114-A93C-A64A67C8A6C9}.Release|Mixed Platforms.Build.0 = Release|Any CPU
		{67FCCCE0-10CE-4114-A93C-A64A67C8A6C9}.Release|x64.ActiveCfg = Release|x86
		{67FCCCE0-10CE-4114-A93C-A64A67C8A6C9}.Release|x86.ActiveCfg = Release|Any CPU
		{67FCCCE0-10CE-4114-A93C-A64A67C8A6C9}.Unit Testing Debug|Any CPU.ActiveCfg = Unit Testing Debug|Any CPU
		{67FCCCE0-10CE-4114-A93C-A64A67C8A6C9}.Unit Testing Debug|Any CPU.Build.0 = Unit Testing Debug|Any CPU
		{67FCCCE0-10CE-4114-A93C-A64A67C8A6C9}.Unit Testing Debug|Mixed Platforms.ActiveCfg = Unit Testing Debug|x86
		{67FCCCE0-10CE-4114-A93C-A64A67C8A6C9}.Unit Testing Debug|Mixed Platforms.Build.0 = Unit Testing Debug|x86
		{67FCCCE0-10CE-4114-A93C-A64A67C8A6C9}.Unit Testing Debug|x64.ActiveCfg = Unit Testing Debug|x86
		{67FCCCE0-10CE-4114-A93C-A64A67C8A6C9}.Unit Testing Debug|x64.Build.0 = Unit Testing Debug|x86
		{67FCCCE0-10CE-4114-A93C-A64A67C8A6C9}.Unit Testing Debug|x86.ActiveCfg = Unit Testing Debug|x86
		{67FCCCE0-10CE-4114-A93C-A64A67C8A6C9}.Unit Testing Debug|x86.Build.0 = Unit Testing Debug|x86
		{F62872DF-3AA6-4366-818E-36F483A66B8B}.Debug|Any CPU.ActiveCfg = Debug|Any CPU
		{F62872DF-3AA6-4366-818E-36F483A66B8B}.Debug|Any CPU.Build.0 = Debug|Any CPU
		{F62872DF-3AA6-4366-818E-36F483A66B8B}.Debug|Mixed Platforms.ActiveCfg = Debug|Any CPU
		{F62872DF-3AA6-4366-818E-36F483A66B8B}.Debug|Mixed Platforms.Build.0 = Debug|Any CPU
		{F62872DF-3AA6-4366-818E-36F483A66B8B}.Debug|x64.ActiveCfg = Debug|Any CPU
		{F62872DF-3AA6-4366-818E-36F483A66B8B}.Debug|x86.ActiveCfg = Debug|Any CPU
		{F62872DF-3AA6-4366-818E-36F483A66B8B}.Drydock Debug|Any CPU.ActiveCfg = Debug|Any CPU
		{F62872DF-3AA6-4366-818E-36F483A66B8B}.Drydock Debug|Any CPU.Build.0 = Debug|Any CPU
		{F62872DF-3AA6-4366-818E-36F483A66B8B}.Drydock Debug|Mixed Platforms.ActiveCfg = Debug|Any CPU
		{F62872DF-3AA6-4366-818E-36F483A66B8B}.Drydock Debug|Mixed Platforms.Build.0 = Debug|Any CPU
		{F62872DF-3AA6-4366-818E-36F483A66B8B}.Drydock Debug|x64.ActiveCfg = Debug|Any CPU
		{F62872DF-3AA6-4366-818E-36F483A66B8B}.Drydock Debug|x86.ActiveCfg = Debug|Any CPU
		{F62872DF-3AA6-4366-818E-36F483A66B8B}.Release|Any CPU.ActiveCfg = Release|Any CPU
		{F62872DF-3AA6-4366-818E-36F483A66B8B}.Release|Any CPU.Build.0 = Release|Any CPU
		{F62872DF-3AA6-4366-818E-36F483A66B8B}.Release|Mixed Platforms.ActiveCfg = Release|Any CPU
		{F62872DF-3AA6-4366-818E-36F483A66B8B}.Release|Mixed Platforms.Build.0 = Release|Any CPU
		{F62872DF-3AA6-4366-818E-36F483A66B8B}.Release|x64.ActiveCfg = Release|Any CPU
		{F62872DF-3AA6-4366-818E-36F483A66B8B}.Release|x86.ActiveCfg = Release|Any CPU
		{F62872DF-3AA6-4366-818E-36F483A66B8B}.Unit Testing Debug|Any CPU.ActiveCfg = Debug|Any CPU
		{F62872DF-3AA6-4366-818E-36F483A66B8B}.Unit Testing Debug|Any CPU.Build.0 = Debug|Any CPU
		{F62872DF-3AA6-4366-818E-36F483A66B8B}.Unit Testing Debug|Mixed Platforms.ActiveCfg = Debug|Any CPU
		{F62872DF-3AA6-4366-818E-36F483A66B8B}.Unit Testing Debug|Mixed Platforms.Build.0 = Debug|Any CPU
		{F62872DF-3AA6-4366-818E-36F483A66B8B}.Unit Testing Debug|x64.ActiveCfg = Debug|Any CPU
		{F62872DF-3AA6-4366-818E-36F483A66B8B}.Unit Testing Debug|x86.ActiveCfg = Debug|Any CPU
	EndGlobalSection
	GlobalSection(SolutionProperties) = preSolution
		HideSolutionNode = FALSE
	EndGlobalSection
EndGlobal
